// !$*UTF8*$!
{
	archiveVersion = 1;
	classes = {
	};
	objectVersion = 50;
	objects = {

/* Begin PBXBuildFile section */
		2526401125D3B60A0066D442 /* EffectView.swift in Sources */ = {isa = PBXBuildFile; fileRef = 2526401025D3B60A0066D442 /* EffectView.swift */; };
		2526401425D3B61E0066D442 /* EffectView.xib in Resources */ = {isa = PBXBuildFile; fileRef = 2526401325D3B61E0066D442 /* EffectView.xib */; };
		2526401725D3CE300066D442 /* EffectAndRotateVideo.swift in Sources */ = {isa = PBXBuildFile; fileRef = 2526401625D3CE300066D442 /* EffectAndRotateVideo.swift */; };
		252AFDC625CFFC4B000F452F /* SpeedView.xib in Resources */ = {isa = PBXBuildFile; fileRef = 252AFDC525CFFC4B000F452F /* SpeedView.xib */; };
		252AFDCE25CFFC96000F452F /* SpeedView.swift in Sources */ = {isa = PBXBuildFile; fileRef = 252AFDCD25CFFC96000F452F /* SpeedView.swift */; };
		252AFDD225D00DA3000F452F /* TimeLineSpeedView.swift in Sources */ = {isa = PBXBuildFile; fileRef = 252AFDD125D00DA3000F452F /* TimeLineSpeedView.swift */; };
		253938FB25D6B35E0011A397 /* MusicView.swift in Sources */ = {isa = PBXBuildFile; fileRef = 253938FA25D6B35E0011A397 /* MusicView.swift */; };
		253938FE25D6B37B0011A397 /* MusicView.xib in Resources */ = {isa = PBXBuildFile; fileRef = 253938FD25D6B37B0011A397 /* MusicView.xib */; };
		2539390125D6CEF70011A397 /* MusicVideo.swift in Sources */ = {isa = PBXBuildFile; fileRef = 2539390025D6CEF70011A397 /* MusicVideo.swift */; };
		2539390525D6D5EA0011A397 /* SampleAudio1.mp3 in Resources */ = {isa = PBXBuildFile; fileRef = 2539390425D6D5EA0011A397 /* SampleAudio1.mp3 */; };
		2539390C25D6DA920011A397 /* Andy-Cohen-Gazing.mp3 in Resources */ = {isa = PBXBuildFile; fileRef = 2539390725D6DA910011A397 /* Andy-Cohen-Gazing.mp3 */; };
		2539390D25D6DA920011A397 /* Crowander-Crime-Story.mp3 in Resources */ = {isa = PBXBuildFile; fileRef = 2539390825D6DA910011A397 /* Crowander-Crime-Story.mp3 */; };
		2539390E25D6DA920011A397 /* Shaolib-Dub-Disruptor.mp3 in Resources */ = {isa = PBXBuildFile; fileRef = 2539390925D6DA910011A397 /* Shaolib-Dub-Disruptor.mp3 */; };
		2539390F25D6DA920011A397 /* Derek-Clegg-Golden-Rule.mp3 in Resources */ = {isa = PBXBuildFile; fileRef = 2539390A25D6DA910011A397 /* Derek-Clegg-Golden-Rule.mp3 */; };
		2539391025D6DA920011A397 /* Ketsa-Light-Through-The-Window.mp3 in Resources */ = {isa = PBXBuildFile; fileRef = 2539390B25D6DA920011A397 /* Ketsa-Light-Through-The-Window.mp3 */; };
		253C607525D8252500F058CB /* CropView.swift in Sources */ = {isa = PBXBuildFile; fileRef = 253C607425D8252500F058CB /* CropView.swift */; };
		253C607825D8253600F058CB /* CropView.xib in Resources */ = {isa = PBXBuildFile; fileRef = 253C607725D8253600F058CB /* CropView.xib */; };
		253C607B25D82B1100F058CB /* CropViewEdit.swift in Sources */ = {isa = PBXBuildFile; fileRef = 253C607A25D82B1100F058CB /* CropViewEdit.swift */; };
		253C607E25D82D4300F058CB /* CropVideo.swift in Sources */ = {isa = PBXBuildFile; fileRef = 253C607D25D82D4300F058CB /* CropVideo.swift */; };
		254507A425D173D000DEB796 /* RotateView.swift in Sources */ = {isa = PBXBuildFile; fileRef = 254507A325D173D000DEB796 /* RotateView.swift */; };
		254507A725D173DE00DEB796 /* RotateView.xib in Resources */ = {isa = PBXBuildFile; fileRef = 254507A625D173DE00DEB796 /* RotateView.xib */; };
		254507AA25D18D2900DEB796 /* RotateVideo.swift in Sources */ = {isa = PBXBuildFile; fileRef = 254507A925D18D2900DEB796 /* RotateVideo.swift */; };
		2568DBAA25CEE25200A9D072 /* VideoExample1.mp4 in Resources */ = {isa = PBXBuildFile; fileRef = 2568DBA925CEE25200A9D072 /* VideoExample1.mp4 */; };
		256C3E2A25CD9E6400C0ACA4 /* CutView.swift in Sources */ = {isa = PBXBuildFile; fileRef = 256C3E2925CD9E6400C0ACA4 /* CutView.swift */; };
		256C3E2E25CD9E6F00C0ACA4 /* CutView.xib in Resources */ = {isa = PBXBuildFile; fileRef = 256C3E2D25CD9E6F00C0ACA4 /* CutView.xib */; };
		256F148F25D7CB4E004BCC1C /* TimeLineMusicView.swift in Sources */ = {isa = PBXBuildFile; fileRef = 256F148E25D7CB4E004BCC1C /* TimeLineMusicView.swift */; };
		2571CE5325D63BAB00641D12 /* MusicViewController.swift in Sources */ = {isa = PBXBuildFile; fileRef = 2571CE5125D63BAB00641D12 /* MusicViewController.swift */; };
		2571CE5425D63BAB00641D12 /* MusicViewController.xib in Resources */ = {isa = PBXBuildFile; fileRef = 2571CE5225D63BAB00641D12 /* MusicViewController.xib */; };
		2586399825CCFFF7007F9623 /* TimeLineCoreGraphic.swift in Sources */ = {isa = PBXBuildFile; fileRef = 2586399725CCFFF7007F9623 /* TimeLineCoreGraphic.swift */; };
		2586399C25CD005A007F9623 /* TimeLineTrimView.swift in Sources */ = {isa = PBXBuildFile; fileRef = 2586399B25CD005A007F9623 /* TimeLineTrimView.swift */; };
		2599AE9325CBA60000485CD4 /* AppDelegate.swift in Sources */ = {isa = PBXBuildFile; fileRef = 2599AE9225CBA60000485CD4 /* AppDelegate.swift */; };
		2599AE9C25CBA60100485CD4 /* Assets.xcassets in Resources */ = {isa = PBXBuildFile; fileRef = 2599AE9B25CBA60100485CD4 /* Assets.xcassets */; };
		2599AE9F25CBA60100485CD4 /* LaunchScreen.storyboard in Resources */ = {isa = PBXBuildFile; fileRef = 2599AE9D25CBA60100485CD4 /* LaunchScreen.storyboard */; };
		2599AEAD25CBA78D00485CD4 /* HomeViewController.swift in Sources */ = {isa = PBXBuildFile; fileRef = 2599AEAB25CBA78D00485CD4 /* HomeViewController.swift */; };
		2599AEAE25CBA78D00485CD4 /* HomeViewController.xib in Resources */ = {isa = PBXBuildFile; fileRef = 2599AEAC25CBA78D00485CD4 /* HomeViewController.xib */; };
		2599AEB325CBA7EF00485CD4 /* Command.swift in Sources */ = {isa = PBXBuildFile; fileRef = 2599AEB225CBA7EF00485CD4 /* Command.swift */; };
		2599AEB825CBA86100485CD4 /* TrimVideo.swift in Sources */ = {isa = PBXBuildFile; fileRef = 2599AEB725CBA86100485CD4 /* TrimVideo.swift */; };
		2599AEBC25CBA87100485CD4 /* SpeedVideo.swift in Sources */ = {isa = PBXBuildFile; fileRef = 2599AEBB25CBA87100485CD4 /* SpeedVideo.swift */; };
		2599AEBF25CBADFD00485CD4 /* VideoEditor.swift in Sources */ = {isa = PBXBuildFile; fileRef = 2599AEBE25CBADFD00485CD4 /* VideoEditor.swift */; };
		2599AEC625CBEB2F00485CD4 /* SoundChange.swift in Sources */ = {isa = PBXBuildFile; fileRef = 2599AEC525CBEB2F00485CD4 /* SoundChange.swift */; };
		25C7DA7225CC4F6B00692929 /* CutOutVideo.swift in Sources */ = {isa = PBXBuildFile; fileRef = 25C7DA7125CC4F6B00692929 /* CutOutVideo.swift */; };
		25C7DA7925CC587100692929 /* HelloApplicationViewController.swift in Sources */ = {isa = PBXBuildFile; fileRef = 25C7DA7725CC587100692929 /* HelloApplicationViewController.swift */; };
		25C7DA7A25CC587100692929 /* HelloApplicationViewController.xib in Resources */ = {isa = PBXBuildFile; fileRef = 25C7DA7825CC587100692929 /* HelloApplicationViewController.xib */; };
		25DBD8E425CE454100FB219F /* TimeLineCutOutView.swift in Sources */ = {isa = PBXBuildFile; fileRef = 25DBD8E325CE454100FB219F /* TimeLineCutOutView.swift */; };
		25DBD8E825CE48E700FB219F /* Enum.swift in Sources */ = {isa = PBXBuildFile; fileRef = 25DBD8E725CE48E700FB219F /* Enum.swift */; };
		25F4F49725D2405800548A76 /* AllComposition.swift in Sources */ = {isa = PBXBuildFile; fileRef = 25F4F49625D2405800548A76 /* AllComposition.swift */; };
/* End PBXBuildFile section */

/* Begin PBXFileReference section */
		2526401025D3B60A0066D442 /* EffectView.swift */ = {isa = PBXFileReference; lastKnownFileType = sourcecode.swift; path = EffectView.swift; sourceTree = "<group>"; };
		2526401325D3B61E0066D442 /* EffectView.xib */ = {isa = PBXFileReference; lastKnownFileType = file.xib; path = EffectView.xib; sourceTree = "<group>"; };
		2526401625D3CE300066D442 /* EffectAndRotateVideo.swift */ = {isa = PBXFileReference; lastKnownFileType = sourcecode.swift; path = EffectAndRotateVideo.swift; sourceTree = "<group>"; };
		252AFDC525CFFC4B000F452F /* SpeedView.xib */ = {isa = PBXFileReference; lastKnownFileType = file.xib; path = SpeedView.xib; sourceTree = "<group>"; };
		252AFDCD25CFFC96000F452F /* SpeedView.swift */ = {isa = PBXFileReference; lastKnownFileType = sourcecode.swift; path = SpeedView.swift; sourceTree = "<group>"; };
		252AFDD125D00DA3000F452F /* TimeLineSpeedView.swift */ = {isa = PBXFileReference; lastKnownFileType = sourcecode.swift; path = TimeLineSpeedView.swift; sourceTree = "<group>"; };
		253938FA25D6B35E0011A397 /* MusicView.swift */ = {isa = PBXFileReference; lastKnownFileType = sourcecode.swift; path = MusicView.swift; sourceTree = "<group>"; };
		253938FD25D6B37B0011A397 /* MusicView.xib */ = {isa = PBXFileReference; lastKnownFileType = file.xib; path = MusicView.xib; sourceTree = "<group>"; };
		2539390025D6CEF70011A397 /* MusicVideo.swift */ = {isa = PBXFileReference; lastKnownFileType = sourcecode.swift; path = MusicVideo.swift; sourceTree = "<group>"; };
		2539390425D6D5EA0011A397 /* SampleAudio1.mp3 */ = {isa = PBXFileReference; lastKnownFileType = audio.mp3; path = SampleAudio1.mp3; sourceTree = "<group>"; };
		2539390725D6DA910011A397 /* Andy-Cohen-Gazing.mp3 */ = {isa = PBXFileReference; lastKnownFileType = audio.mp3; path = "Andy-Cohen-Gazing.mp3"; sourceTree = "<group>"; };
		2539390825D6DA910011A397 /* Crowander-Crime-Story.mp3 */ = {isa = PBXFileReference; lastKnownFileType = audio.mp3; path = "Crowander-Crime-Story.mp3"; sourceTree = "<group>"; };
		2539390925D6DA910011A397 /* Shaolib-Dub-Disruptor.mp3 */ = {isa = PBXFileReference; lastKnownFileType = audio.mp3; path = "Shaolib-Dub-Disruptor.mp3"; sourceTree = "<group>"; };
		2539390A25D6DA910011A397 /* Derek-Clegg-Golden-Rule.mp3 */ = {isa = PBXFileReference; lastKnownFileType = audio.mp3; path = "Derek-Clegg-Golden-Rule.mp3"; sourceTree = "<group>"; };
		2539390B25D6DA920011A397 /* Ketsa-Light-Through-The-Window.mp3 */ = {isa = PBXFileReference; lastKnownFileType = audio.mp3; path = "Ketsa-Light-Through-The-Window.mp3"; sourceTree = "<group>"; };
		253C607425D8252500F058CB /* CropView.swift */ = {isa = PBXFileReference; lastKnownFileType = sourcecode.swift; path = CropView.swift; sourceTree = "<group>"; };
		253C607725D8253600F058CB /* CropView.xib */ = {isa = PBXFileReference; lastKnownFileType = file.xib; path = CropView.xib; sourceTree = "<group>"; };
		253C607A25D82B1100F058CB /* CropViewEdit.swift */ = {isa = PBXFileReference; lastKnownFileType = sourcecode.swift; path = CropViewEdit.swift; sourceTree = "<group>"; };
		253C607D25D82D4300F058CB /* CropVideo.swift */ = {isa = PBXFileReference; lastKnownFileType = sourcecode.swift; path = CropVideo.swift; sourceTree = "<group>"; };
		254507A325D173D000DEB796 /* RotateView.swift */ = {isa = PBXFileReference; lastKnownFileType = sourcecode.swift; path = RotateView.swift; sourceTree = "<group>"; };
		254507A625D173DE00DEB796 /* RotateView.xib */ = {isa = PBXFileReference; lastKnownFileType = file.xib; path = RotateView.xib; sourceTree = "<group>"; };
		254507A925D18D2900DEB796 /* RotateVideo.swift */ = {isa = PBXFileReference; lastKnownFileType = sourcecode.swift; path = RotateVideo.swift; sourceTree = "<group>"; };
		2568DBA925CEE25200A9D072 /* VideoExample1.mp4 */ = {isa = PBXFileReference; lastKnownFileType = file; path = VideoExample1.mp4; sourceTree = "<group>"; };
		256C3E2925CD9E6400C0ACA4 /* CutView.swift */ = {isa = PBXFileReference; lastKnownFileType = sourcecode.swift; path = CutView.swift; sourceTree = "<group>"; };
		256C3E2D25CD9E6F00C0ACA4 /* CutView.xib */ = {isa = PBXFileReference; lastKnownFileType = file.xib; path = CutView.xib; sourceTree = "<group>"; };
		256F148E25D7CB4E004BCC1C /* TimeLineMusicView.swift */ = {isa = PBXFileReference; lastKnownFileType = sourcecode.swift; path = TimeLineMusicView.swift; sourceTree = "<group>"; };
		2571CE5125D63BAB00641D12 /* MusicViewController.swift */ = {isa = PBXFileReference; lastKnownFileType = sourcecode.swift; path = MusicViewController.swift; sourceTree = "<group>"; };
		2571CE5225D63BAB00641D12 /* MusicViewController.xib */ = {isa = PBXFileReference; lastKnownFileType = file.xib; path = MusicViewController.xib; sourceTree = "<group>"; };
		2586399725CCFFF7007F9623 /* TimeLineCoreGraphic.swift */ = {isa = PBXFileReference; lastKnownFileType = sourcecode.swift; path = TimeLineCoreGraphic.swift; sourceTree = "<group>"; };
		2586399B25CD005A007F9623 /* TimeLineTrimView.swift */ = {isa = PBXFileReference; lastKnownFileType = sourcecode.swift; path = TimeLineTrimView.swift; sourceTree = "<group>"; };
		2599AE8F25CBA60000485CD4 /* FastSlowmo.app */ = {isa = PBXFileReference; explicitFileType = wrapper.application; includeInIndex = 0; path = FastSlowmo.app; sourceTree = BUILT_PRODUCTS_DIR; };
		2599AE9225CBA60000485CD4 /* AppDelegate.swift */ = {isa = PBXFileReference; lastKnownFileType = sourcecode.swift; path = AppDelegate.swift; sourceTree = "<group>"; };
		2599AE9B25CBA60100485CD4 /* Assets.xcassets */ = {isa = PBXFileReference; lastKnownFileType = folder.assetcatalog; path = Assets.xcassets; sourceTree = "<group>"; };
		2599AE9E25CBA60100485CD4 /* Base */ = {isa = PBXFileReference; lastKnownFileType = file.storyboard; name = Base; path = Base.lproj/LaunchScreen.storyboard; sourceTree = "<group>"; };
		2599AEA025CBA60100485CD4 /* Info.plist */ = {isa = PBXFileReference; lastKnownFileType = text.plist.xml; path = Info.plist; sourceTree = "<group>"; };
		2599AEAB25CBA78D00485CD4 /* HomeViewController.swift */ = {isa = PBXFileReference; lastKnownFileType = sourcecode.swift; path = HomeViewController.swift; sourceTree = "<group>"; };
		2599AEAC25CBA78D00485CD4 /* HomeViewController.xib */ = {isa = PBXFileReference; lastKnownFileType = file.xib; path = HomeViewController.xib; sourceTree = "<group>"; };
		2599AEB225CBA7EF00485CD4 /* Command.swift */ = {isa = PBXFileReference; lastKnownFileType = sourcecode.swift; path = Command.swift; sourceTree = "<group>"; };
		2599AEB725CBA86100485CD4 /* TrimVideo.swift */ = {isa = PBXFileReference; lastKnownFileType = sourcecode.swift; path = TrimVideo.swift; sourceTree = "<group>"; };
		2599AEBB25CBA87100485CD4 /* SpeedVideo.swift */ = {isa = PBXFileReference; lastKnownFileType = sourcecode.swift; path = SpeedVideo.swift; sourceTree = "<group>"; };
		2599AEBE25CBADFD00485CD4 /* VideoEditor.swift */ = {isa = PBXFileReference; lastKnownFileType = sourcecode.swift; path = VideoEditor.swift; sourceTree = "<group>"; };
		2599AEC525CBEB2F00485CD4 /* SoundChange.swift */ = {isa = PBXFileReference; lastKnownFileType = sourcecode.swift; path = SoundChange.swift; sourceTree = "<group>"; };
		25C7DA7125CC4F6B00692929 /* CutOutVideo.swift */ = {isa = PBXFileReference; lastKnownFileType = sourcecode.swift; path = CutOutVideo.swift; sourceTree = "<group>"; };
		25C7DA7725CC587100692929 /* HelloApplicationViewController.swift */ = {isa = PBXFileReference; lastKnownFileType = sourcecode.swift; path = HelloApplicationViewController.swift; sourceTree = "<group>"; };
		25C7DA7825CC587100692929 /* HelloApplicationViewController.xib */ = {isa = PBXFileReference; lastKnownFileType = file.xib; path = HelloApplicationViewController.xib; sourceTree = "<group>"; };
		25DBD8E325CE454100FB219F /* TimeLineCutOutView.swift */ = {isa = PBXFileReference; lastKnownFileType = sourcecode.swift; path = TimeLineCutOutView.swift; sourceTree = "<group>"; };
		25DBD8E725CE48E700FB219F /* Enum.swift */ = {isa = PBXFileReference; lastKnownFileType = sourcecode.swift; path = Enum.swift; sourceTree = "<group>"; };
		25F4F49625D2405800548A76 /* AllComposition.swift */ = {isa = PBXFileReference; lastKnownFileType = sourcecode.swift; path = AllComposition.swift; sourceTree = "<group>"; };
/* End PBXFileReference section */

/* Begin PBXFrameworksBuildPhase section */
		2599AE8C25CBA60000485CD4 /* Frameworks */ = {
			isa = PBXFrameworksBuildPhase;
			buildActionMask = 2147483647;
			files = (
			);
			runOnlyForDeploymentPostprocessing = 0;
		};
/* End PBXFrameworksBuildPhase section */

/* Begin PBXGroup section */
		2539390325D6D58E0011A397 /* SourceAudio */ = {
			isa = PBXGroup;
			children = (
				2539390425D6D5EA0011A397 /* SampleAudio1.mp3 */,
				2539390725D6DA910011A397 /* Andy-Cohen-Gazing.mp3 */,
				2539390825D6DA910011A397 /* Crowander-Crime-Story.mp3 */,
				2539390A25D6DA910011A397 /* Derek-Clegg-Golden-Rule.mp3 */,
				2539390B25D6DA920011A397 /* Ketsa-Light-Through-The-Window.mp3 */,
				2539390925D6DA910011A397 /* Shaolib-Dub-Disruptor.mp3 */,
			);
			path = SourceAudio;
			sourceTree = "<group>";
		};
		256C3E2825CD9DD600C0ACA4 /* SubView */ = {
			isa = PBXGroup;
			children = (
				256C3E2925CD9E6400C0ACA4 /* CutView.swift */,
				256C3E2D25CD9E6F00C0ACA4 /* CutView.xib */,
				252AFDCD25CFFC96000F452F /* SpeedView.swift */,
				252AFDC525CFFC4B000F452F /* SpeedView.xib */,
				254507A325D173D000DEB796 /* RotateView.swift */,
				254507A625D173DE00DEB796 /* RotateView.xib */,
				2526401025D3B60A0066D442 /* EffectView.swift */,
				2526401325D3B61E0066D442 /* EffectView.xib */,
				253938FA25D6B35E0011A397 /* MusicView.swift */,
				253938FD25D6B37B0011A397 /* MusicView.xib */,
				253C607425D8252500F058CB /* CropView.swift */,
				253C607725D8253600F058CB /* CropView.xib */,
			);
			path = SubView;
			sourceTree = "<group>";
		};
		2586399625CCFFE5007F9623 /* TimeLineEditVideo */ = {
			isa = PBXGroup;
			children = (
				2586399725CCFFF7007F9623 /* TimeLineCoreGraphic.swift */,
				2586399B25CD005A007F9623 /* TimeLineTrimView.swift */,
				25DBD8E325CE454100FB219F /* TimeLineCutOutView.swift */,
				252AFDD125D00DA3000F452F /* TimeLineSpeedView.swift */,
				256F148E25D7CB4E004BCC1C /* TimeLineMusicView.swift */,
				253C607A25D82B1100F058CB /* CropViewEdit.swift */,
			);
			path = TimeLineEditVideo;
			sourceTree = "<group>";
		};
		2599AE8625CBA60000485CD4 = {
			isa = PBXGroup;
			children = (
				2599AE9125CBA60000485CD4 /* FastSlowmo */,
				2599AE9025CBA60000485CD4 /* Products */,
			);
			sourceTree = "<group>";
		};
		2599AE9025CBA60000485CD4 /* Products */ = {
			isa = PBXGroup;
			children = (
				2599AE8F25CBA60000485CD4 /* FastSlowmo.app */,
			);
			name = Products;
			sourceTree = "<group>";
		};
		2599AE9125CBA60000485CD4 /* FastSlowmo */ = {
			isa = PBXGroup;
			children = (
				2539390325D6D58E0011A397 /* SourceAudio */,
				2599AEC125CBDCDA00485CD4 /* SourceVideo */,
				2586399625CCFFE5007F9623 /* TimeLineEditVideo */,
				2599AEB625CBA84200485CD4 /* VideoEditor */,
				25C7DA7525CC512000692929 /* Protocol */,
				25DBD8E625CE48D600FB219F /* Enum */,
				2599AEB125CBA7D900485CD4 /* VideoEditorTask */,
				2599AEAA25CBA77300485CD4 /* ViewController */,
				256C3E2825CD9DD600C0ACA4 /* SubView */,
				2599AE9225CBA60000485CD4 /* AppDelegate.swift */,
				2599AE9B25CBA60100485CD4 /* Assets.xcassets */,
				2599AE9D25CBA60100485CD4 /* LaunchScreen.storyboard */,
				2599AEA025CBA60100485CD4 /* Info.plist */,
			);
			path = FastSlowmo;
			sourceTree = "<group>";
		};
		2599AEAA25CBA77300485CD4 /* ViewController */ = {
			isa = PBXGroup;
			children = (
				2599AEAB25CBA78D00485CD4 /* HomeViewController.swift */,
				2599AEAC25CBA78D00485CD4 /* HomeViewController.xib */,
				25C7DA7725CC587100692929 /* HelloApplicationViewController.swift */,
				25C7DA7825CC587100692929 /* HelloApplicationViewController.xib */,
				2571CE5125D63BAB00641D12 /* MusicViewController.swift */,
				2571CE5225D63BAB00641D12 /* MusicViewController.xib */,
			);
			path = ViewController;
			sourceTree = "<group>";
		};
		2599AEB125CBA7D900485CD4 /* VideoEditorTask */ = {
			isa = PBXGroup;
			children = (
				2599AEC525CBEB2F00485CD4 /* SoundChange.swift */,
				2599AEB725CBA86100485CD4 /* TrimVideo.swift */,
				25C7DA7125CC4F6B00692929 /* CutOutVideo.swift */,
				2599AEBB25CBA87100485CD4 /* SpeedVideo.swift */,
				254507A925D18D2900DEB796 /* RotateVideo.swift */,
				2526401625D3CE300066D442 /* EffectAndRotateVideo.swift */,
				2539390025D6CEF70011A397 /* MusicVideo.swift */,
				253C607D25D82D4300F058CB /* CropVideo.swift */,
			);
			path = VideoEditorTask;
			sourceTree = "<group>";
		};
		2599AEB625CBA84200485CD4 /* VideoEditor */ = {
			isa = PBXGroup;
			children = (
				2599AEBE25CBADFD00485CD4 /* VideoEditor.swift */,
				25F4F49625D2405800548A76 /* AllComposition.swift */,
			);
			path = VideoEditor;
			sourceTree = "<group>";
		};
		2599AEC125CBDCDA00485CD4 /* SourceVideo */ = {
			isa = PBXGroup;
			children = (
				2568DBA925CEE25200A9D072 /* VideoExample1.mp4 */,
			);
			path = SourceVideo;
			sourceTree = "<group>";
		};
		25C7DA7525CC512000692929 /* Protocol */ = {
			isa = PBXGroup;
			children = (
				2599AEB225CBA7EF00485CD4 /* Command.swift */,
			);
			path = Protocol;
			sourceTree = "<group>";
		};
		25DBD8E625CE48D600FB219F /* Enum */ = {
			isa = PBXGroup;
			children = (
				25DBD8E725CE48E700FB219F /* Enum.swift */,
			);
			path = Enum;
			sourceTree = "<group>";
		};
/* End PBXGroup section */

/* Begin PBXNativeTarget section */
		2599AE8E25CBA60000485CD4 /* FastSlowmo */ = {
			isa = PBXNativeTarget;
			buildConfigurationList = 2599AEA325CBA60100485CD4 /* Build configuration list for PBXNativeTarget "FastSlowmo" */;
			buildPhases = (
				2599AE8B25CBA60000485CD4 /* Sources */,
				2599AE8C25CBA60000485CD4 /* Frameworks */,
				2599AE8D25CBA60000485CD4 /* Resources */,
			);
			buildRules = (
			);
			dependencies = (
			);
			name = FastSlowmo;
			productName = FastSlowmo;
			productReference = 2599AE8F25CBA60000485CD4 /* FastSlowmo.app */;
			productType = "com.apple.product-type.application";
		};
/* End PBXNativeTarget section */

/* Begin PBXProject section */
		2599AE8725CBA60000485CD4 /* Project object */ = {
			isa = PBXProject;
			attributes = {
				LastSwiftUpdateCheck = 1230;
				LastUpgradeCheck = 1230;
				TargetAttributes = {
					2599AE8E25CBA60000485CD4 = {
						CreatedOnToolsVersion = 12.3;
					};
				};
			};
			buildConfigurationList = 2599AE8A25CBA60000485CD4 /* Build configuration list for PBXProject "FastSlowmo" */;
			compatibilityVersion = "Xcode 9.3";
			developmentRegion = en;
			hasScannedForEncodings = 0;
			knownRegions = (
				en,
				Base,
			);
			mainGroup = 2599AE8625CBA60000485CD4;
			productRefGroup = 2599AE9025CBA60000485CD4 /* Products */;
			projectDirPath = "";
			projectRoot = "";
			targets = (
				2599AE8E25CBA60000485CD4 /* FastSlowmo */,
			);
		};
/* End PBXProject section */

/* Begin PBXResourcesBuildPhase section */
		2599AE8D25CBA60000485CD4 /* Resources */ = {
			isa = PBXResourcesBuildPhase;
			buildActionMask = 2147483647;
			files = (
				2568DBAA25CEE25200A9D072 /* VideoExample1.mp4 in Resources */,
				254507A725D173DE00DEB796 /* RotateView.xib in Resources */,
				2571CE5425D63BAB00641D12 /* MusicViewController.xib in Resources */,
				2539390525D6D5EA0011A397 /* SampleAudio1.mp3 in Resources */,
				253C607825D8253600F058CB /* CropView.xib in Resources */,
				2539391025D6DA920011A397 /* Ketsa-Light-Through-The-Window.mp3 in Resources */,
				2599AE9F25CBA60100485CD4 /* LaunchScreen.storyboard in Resources */,
				253938FE25D6B37B0011A397 /* MusicView.xib in Resources */,
				2599AE9C25CBA60100485CD4 /* Assets.xcassets in Resources */,
				256C3E2E25CD9E6F00C0ACA4 /* CutView.xib in Resources */,
				2526401425D3B61E0066D442 /* EffectView.xib in Resources */,
				2599AEAE25CBA78D00485CD4 /* HomeViewController.xib in Resources */,
				252AFDC625CFFC4B000F452F /* SpeedView.xib in Resources */,
				2539390D25D6DA920011A397 /* Crowander-Crime-Story.mp3 in Resources */,
				25C7DA7A25CC587100692929 /* HelloApplicationViewController.xib in Resources */,
				2539390E25D6DA920011A397 /* Shaolib-Dub-Disruptor.mp3 in Resources */,
				2539390F25D6DA920011A397 /* Derek-Clegg-Golden-Rule.mp3 in Resources */,
				2539390C25D6DA920011A397 /* Andy-Cohen-Gazing.mp3 in Resources */,
			);
			runOnlyForDeploymentPostprocessing = 0;
		};
/* End PBXResourcesBuildPhase section */

/* Begin PBXSourcesBuildPhase section */
		2599AE8B25CBA60000485CD4 /* Sources */ = {
			isa = PBXSourcesBuildPhase;
			buildActionMask = 2147483647;
			files = (
				2599AEB325CBA7EF00485CD4 /* Command.swift in Sources */,
				2599AEBC25CBA87100485CD4 /* SpeedVideo.swift in Sources */,
				25F4F49725D2405800548A76 /* AllComposition.swift in Sources */,
				2539390125D6CEF70011A397 /* MusicVideo.swift in Sources */,
				254507AA25D18D2900DEB796 /* RotateVideo.swift in Sources */,
				252AFDD225D00DA3000F452F /* TimeLineSpeedView.swift in Sources */,
				2599AEB825CBA86100485CD4 /* TrimVideo.swift in Sources */,
				25C7DA7225CC4F6B00692929 /* CutOutVideo.swift in Sources */,
				253C607B25D82B1100F058CB /* CropViewEdit.swift in Sources */,
				253C607E25D82D4300F058CB /* CropVideo.swift in Sources */,
				2526401125D3B60A0066D442 /* EffectView.swift in Sources */,
				25DBD8E825CE48E700FB219F /* Enum.swift in Sources */,
				2599AEC625CBEB2F00485CD4 /* SoundChange.swift in Sources */,
				2599AE9325CBA60000485CD4 /* AppDelegate.swift in Sources */,
				25C7DA7925CC587100692929 /* HelloApplicationViewController.swift in Sources */,
				2599AEBF25CBADFD00485CD4 /* VideoEditor.swift in Sources */,
				254507A425D173D000DEB796 /* RotateView.swift in Sources */,
				256C3E2A25CD9E6400C0ACA4 /* CutView.swift in Sources */,
				2599AEAD25CBA78D00485CD4 /* HomeViewController.swift in Sources */,
				2571CE5325D63BAB00641D12 /* MusicViewController.swift in Sources */,
				2586399825CCFFF7007F9623 /* TimeLineCoreGraphic.swift in Sources */,
				25DBD8E425CE454100FB219F /* TimeLineCutOutView.swift in Sources */,
				2586399C25CD005A007F9623 /* TimeLineTrimView.swift in Sources */,
				252AFDCE25CFFC96000F452F /* SpeedView.swift in Sources */,
				2526401725D3CE300066D442 /* EffectAndRotateVideo.swift in Sources */,
				253938FB25D6B35E0011A397 /* MusicView.swift in Sources */,
				253C607525D8252500F058CB /* CropView.swift in Sources */,
				256F148F25D7CB4E004BCC1C /* TimeLineMusicView.swift in Sources */,
			);
			runOnlyForDeploymentPostprocessing = 0;
		};
/* End PBXSourcesBuildPhase section */

/* Begin PBXVariantGroup section */
		2599AE9D25CBA60100485CD4 /* LaunchScreen.storyboard */ = {
			isa = PBXVariantGroup;
			children = (
				2599AE9E25CBA60100485CD4 /* Base */,
			);
			name = LaunchScreen.storyboard;
			sourceTree = "<group>";
		};
/* End PBXVariantGroup section */

/* Begin XCBuildConfiguration section */
		2599AEA125CBA60100485CD4 /* Debug */ = {
			isa = XCBuildConfiguration;
			buildSettings = {
				ALWAYS_SEARCH_USER_PATHS = NO;
				CLANG_ANALYZER_NONNULL = YES;
				CLANG_ANALYZER_NUMBER_OBJECT_CONVERSION = YES_AGGRESSIVE;
				CLANG_CXX_LANGUAGE_STANDARD = "gnu++14";
				CLANG_CXX_LIBRARY = "libc++";
				CLANG_ENABLE_MODULES = YES;
				CLANG_ENABLE_OBJC_ARC = YES;
				CLANG_ENABLE_OBJC_WEAK = YES;
				CLANG_WARN_BLOCK_CAPTURE_AUTORELEASING = YES;
				CLANG_WARN_BOOL_CONVERSION = YES;
				CLANG_WARN_COMMA = YES;
				CLANG_WARN_CONSTANT_CONVERSION = YES;
				CLANG_WARN_DEPRECATED_OBJC_IMPLEMENTATIONS = YES;
				CLANG_WARN_DIRECT_OBJC_ISA_USAGE = YES_ERROR;
				CLANG_WARN_DOCUMENTATION_COMMENTS = YES;
				CLANG_WARN_EMPTY_BODY = YES;
				CLANG_WARN_ENUM_CONVERSION = YES;
				CLANG_WARN_INFINITE_RECURSION = YES;
				CLANG_WARN_INT_CONVERSION = YES;
				CLANG_WARN_NON_LITERAL_NULL_CONVERSION = YES;
				CLANG_WARN_OBJC_IMPLICIT_RETAIN_SELF = YES;
				CLANG_WARN_OBJC_LITERAL_CONVERSION = YES;
				CLANG_WARN_OBJC_ROOT_CLASS = YES_ERROR;
				CLANG_WARN_QUOTED_INCLUDE_IN_FRAMEWORK_HEADER = YES;
				CLANG_WARN_RANGE_LOOP_ANALYSIS = YES;
				CLANG_WARN_STRICT_PROTOTYPES = YES;
				CLANG_WARN_SUSPICIOUS_MOVE = YES;
				CLANG_WARN_UNGUARDED_AVAILABILITY = YES_AGGRESSIVE;
				CLANG_WARN_UNREACHABLE_CODE = YES;
				CLANG_WARN__DUPLICATE_METHOD_MATCH = YES;
				COPY_PHASE_STRIP = NO;
				DEBUG_INFORMATION_FORMAT = dwarf;
				ENABLE_STRICT_OBJC_MSGSEND = YES;
				ENABLE_TESTABILITY = YES;
				GCC_C_LANGUAGE_STANDARD = gnu11;
				GCC_DYNAMIC_NO_PIC = NO;
				GCC_NO_COMMON_BLOCKS = YES;
				GCC_OPTIMIZATION_LEVEL = 0;
				GCC_PREPROCESSOR_DEFINITIONS = (
					"DEBUG=1",
					"$(inherited)",
				);
				GCC_WARN_64_TO_32_BIT_CONVERSION = YES;
				GCC_WARN_ABOUT_RETURN_TYPE = YES_ERROR;
				GCC_WARN_UNDECLARED_SELECTOR = YES;
				GCC_WARN_UNINITIALIZED_AUTOS = YES_AGGRESSIVE;
				GCC_WARN_UNUSED_FUNCTION = YES;
				GCC_WARN_UNUSED_VARIABLE = YES;
				IPHONEOS_DEPLOYMENT_TARGET = 14.3;
				MTL_ENABLE_DEBUG_INFO = INCLUDE_SOURCE;
				MTL_FAST_MATH = YES;
				ONLY_ACTIVE_ARCH = YES;
				SDKROOT = iphoneos;
				SWIFT_ACTIVE_COMPILATION_CONDITIONS = DEBUG;
				SWIFT_OPTIMIZATION_LEVEL = "-Onone";
			};
			name = Debug;
		};
		2599AEA225CBA60100485CD4 /* Release */ = {
			isa = XCBuildConfiguration;
			buildSettings = {
				ALWAYS_SEARCH_USER_PATHS = NO;
				CLANG_ANALYZER_NONNULL = YES;
				CLANG_ANALYZER_NUMBER_OBJECT_CONVERSION = YES_AGGRESSIVE;
				CLANG_CXX_LANGUAGE_STANDARD = "gnu++14";
				CLANG_CXX_LIBRARY = "libc++";
				CLANG_ENABLE_MODULES = YES;
				CLANG_ENABLE_OBJC_ARC = YES;
				CLANG_ENABLE_OBJC_WEAK = YES;
				CLANG_WARN_BLOCK_CAPTURE_AUTORELEASING = YES;
				CLANG_WARN_BOOL_CONVERSION = YES;
				CLANG_WARN_COMMA = YES;
				CLANG_WARN_CONSTANT_CONVERSION = YES;
				CLANG_WARN_DEPRECATED_OBJC_IMPLEMENTATIONS = YES;
				CLANG_WARN_DIRECT_OBJC_ISA_USAGE = YES_ERROR;
				CLANG_WARN_DOCUMENTATION_COMMENTS = YES;
				CLANG_WARN_EMPTY_BODY = YES;
				CLANG_WARN_ENUM_CONVERSION = YES;
				CLANG_WARN_INFINITE_RECURSION = YES;
				CLANG_WARN_INT_CONVERSION = YES;
				CLANG_WARN_NON_LITERAL_NULL_CONVERSION = YES;
				CLANG_WARN_OBJC_IMPLICIT_RETAIN_SELF = YES;
				CLANG_WARN_OBJC_LITERAL_CONVERSION = YES;
				CLANG_WARN_OBJC_ROOT_CLASS = YES_ERROR;
				CLANG_WARN_QUOTED_INCLUDE_IN_FRAMEWORK_HEADER = YES;
				CLANG_WARN_RANGE_LOOP_ANALYSIS = YES;
				CLANG_WARN_STRICT_PROTOTYPES = YES;
				CLANG_WARN_SUSPICIOUS_MOVE = YES;
				CLANG_WARN_UNGUARDED_AVAILABILITY = YES_AGGRESSIVE;
				CLANG_WARN_UNREACHABLE_CODE = YES;
				CLANG_WARN__DUPLICATE_METHOD_MATCH = YES;
				COPY_PHASE_STRIP = NO;
				DEBUG_INFORMATION_FORMAT = "dwarf-with-dsym";
				ENABLE_NS_ASSERTIONS = NO;
				ENABLE_STRICT_OBJC_MSGSEND = YES;
				GCC_C_LANGUAGE_STANDARD = gnu11;
				GCC_NO_COMMON_BLOCKS = YES;
				GCC_WARN_64_TO_32_BIT_CONVERSION = YES;
				GCC_WARN_ABOUT_RETURN_TYPE = YES_ERROR;
				GCC_WARN_UNDECLARED_SELECTOR = YES;
				GCC_WARN_UNINITIALIZED_AUTOS = YES_AGGRESSIVE;
				GCC_WARN_UNUSED_FUNCTION = YES;
				GCC_WARN_UNUSED_VARIABLE = YES;
				IPHONEOS_DEPLOYMENT_TARGET = 14.3;
				MTL_ENABLE_DEBUG_INFO = NO;
				MTL_FAST_MATH = YES;
				SDKROOT = iphoneos;
				SWIFT_COMPILATION_MODE = wholemodule;
				SWIFT_OPTIMIZATION_LEVEL = "-O";
				VALIDATE_PRODUCT = YES;
			};
			name = Release;
		};
		2599AEA425CBA60100485CD4 /* Debug */ = {
			isa = XCBuildConfiguration;
			buildSettings = {
				ASSETCATALOG_COMPILER_APPICON_NAME = AppIcon;
				ASSETCATALOG_COMPILER_GLOBAL_ACCENT_COLOR_NAME = AccentColor;
				CODE_SIGN_STYLE = Automatic;
				INFOPLIST_FILE = FastSlowmo/Info.plist;
				LD_RUNPATH_SEARCH_PATHS = (
					"$(inherited)",
					"@executable_path/Frameworks",
				);
				PRODUCT_BUNDLE_IDENTIFIER = manhnn.FastSlowmo;
				PRODUCT_NAME = "$(TARGET_NAME)";
				SWIFT_VERSION = 5.0;
				TARGETED_DEVICE_FAMILY = 1;
			};
			name = Debug;
		};
		2599AEA525CBA60100485CD4 /* Release */ = {
			isa = XCBuildConfiguration;
			buildSettings = {
				ASSETCATALOG_COMPILER_APPICON_NAME = AppIcon;
				ASSETCATALOG_COMPILER_GLOBAL_ACCENT_COLOR_NAME = AccentColor;
				CODE_SIGN_STYLE = Automatic;
				INFOPLIST_FILE = FastSlowmo/Info.plist;
				LD_RUNPATH_SEARCH_PATHS = (
					"$(inherited)",
					"@executable_path/Frameworks",
				);
				PRODUCT_BUNDLE_IDENTIFIER = manhnn.FastSlowmo;
				PRODUCT_NAME = "$(TARGET_NAME)";
				SWIFT_VERSION = 5.0;
				TARGETED_DEVICE_FAMILY = 1;
			};
			name = Release;
		};
/* End XCBuildConfiguration section */

/* Begin XCConfigurationList section */
		2599AE8A25CBA60000485CD4 /* Build configuration list for PBXProject "FastSlowmo" */ = {
			isa = XCConfigurationList;
			buildConfigurations = (
				2599AEA125CBA60100485CD4 /* Debug */,
				2599AEA225CBA60100485CD4 /* Release */,
			);
			defaultConfigurationIsVisible = 0;
			defaultConfigurationName = Release;
		};
		2599AEA325CBA60100485CD4 /* Build configuration list for PBXNativeTarget "FastSlowmo" */ = {
			isa = XCConfigurationList;
			buildConfigurations = (
				2599AEA425CBA60100485CD4 /* Debug */,
				2599AEA525CBA60100485CD4 /* Release */,
			);
			defaultConfigurationIsVisible = 0;
			defaultConfigurationName = Release;
		};
/* End XCConfigurationList section */
	};
	rootObject = 2599AE8725CBA60000485CD4 /* Project object */;
}
